
Microsoft Visual Studio Solution File, Format Version 12.00
# Visual Studio 15
VisualStudioVersion = 15.0.27428.2015
MinimumVisualStudioVersion = 10.0.40219.1
Project("{FAE04EC0-301F-11D3-BF4B-00C04F79EFBC}") = "GoodMp3player", "WpfApp1\GoodMp3player.csproj", "{33638316-5F39-48BC-B740-B5D36B27C13B}"
EndProject
Global
	GlobalSection(SolutionConfigurationPlatforms) = preSolution
		Debug|Any CPU = Debug|Any CPU
		Release|Any CPU = Release|Any CPU
	EndGlobalSection
	GlobalSection(ProjectConfigurationPlatforms) = postSolution
		{33638316-5F39-48BC-B740-B5D36B27C13B}.Debug|Any CPU.ActiveCfg = Debug|Any CPU
		{33638316-5F39-48BC-B740-B5D36B27C13B}.Debug|Any CPU.Build.0 = Debug|Any CPU
		{33638316-5F39-48BC-B740-B5D36B27C13B}.Release|Any CPU.ActiveCfg = Release|Any CPU
		{33638316-5F39-48BC-B740-B5D36B27C13B}.Release|Any CPU.Build.0 = Release|Any CPU
	EndGlobalSection
	GlobalSection(SolutionProperties) = preSolution
		HideSolutionNode = FALSE
	EndGlobalSection
	GlobalSection(ExtensibilityGlobals) = postSolution
		SolutionGuid = {4006919D-C701-43ED-A4CC-E5E42BA04980}
	EndGlobalSection
EndGlobal
